{
  "version": 4,
  "terraform_version": "1.9.4",
  "serial": 7,
  "lineage": "a9bba0b7-54b6-7851-197e-2e070bf92cbf",
  "outputs": {},
  "resources": [
    {
      "mode": "data",
      "type": "azurerm_client_config",
      "name": "current",
      "provider": "provider[\"registry.terraform.io/hashicorp/azurerm\"]",
      "instances": [
        {
          "schema_version": 0,
          "attributes": {
            "client_id": "dda59ddf-f9de-45f2-a26f-2a6dfaf10a5d",
            "id": "Y2xpZW50Q29uZmlncy9jbGllbnRJZD1kZGE1OWRkZi1mOWRlLTQ1ZjItYTI2Zi0yYTZkZmFmMTBhNWQ7b2JqZWN0SWQ9NmJkNDI0NmMtZmFmOS00MzFkLTk1MGEtZTA5YmRlN2M1YWJkO3N1YnNjcmlwdGlvbklkPWE2ODZiYmEwLWQ2YmYtNDkxZC1iNWU0LWJmMzg1Y2YwMDJkYjt0ZW5hbnRJZD04ZTRjMDViNS1lYzQ5LTQ1YmItYWZiMS02Yjk5M2RkZmVmNDI=",
            "object_id": "6bd4246c-faf9-431d-950a-e09bde7c5abd",
            "subscription_id": "a686bba0-d6bf-491d-b5e4-bf385cf002db",
            "tenant_id": "8e4c05b5-ec49-45bb-afb1-6b993ddfef42",
            "timeouts": null
          },
          "sensitive_attributes": []
        }
      ]
    },
    {
      "mode": "managed",
      "type": "azurerm_key_vault",
      "name": "tn_kv_backend",
      "provider": "provider[\"registry.terraform.io/hashicorp/azurerm\"]",
      "instances": [
        {
          "schema_version": 2,
          "attributes": {
            "access_policy": [
              {
                "application_id": "",
                "certificate_permissions": null,
                "key_permissions": [
                  "Get",
                  "List",
                  "Create",
                  "Delete"
                ],
                "object_id": "6bd4246c-faf9-431d-950a-e09bde7c5abd",
                "secret_permissions": [
                  "Get",
                  "List",
                  "Set",
                  "Delete",
                  "Recover",
                  "Backup",
                  "Restore"
                ],
                "storage_permissions": [
                  "Get",
                  "List",
                  "Set",
                  "Delete"
                ],
                "tenant_id": "8e4c05b5-ec49-45bb-afb1-6b993ddfef42"
              }
            ],
            "contact": [],
            "enable_rbac_authorization": false,
            "enabled_for_deployment": false,
            "enabled_for_disk_encryption": true,
            "enabled_for_template_deployment": false,
            "id": "/subscriptions/a686bba0-d6bf-491d-b5e4-bf385cf002db/resourceGroups/rg-backend-tn/providers/Microsoft.KeyVault/vaults/kvbenj09n",
            "location": "norwayeast",
            "name": "kvbenj09n",
            "network_acls": [
              {
                "bypass": "AzureServices",
                "default_action": "Allow",
                "ip_rules": [],
                "virtual_network_subnet_ids": []
              }
            ],
            "public_network_access_enabled": true,
            "purge_protection_enabled": false,
            "resource_group_name": "rg-backend-tn",
            "sku_name": "standard",
            "soft_delete_retention_days": 7,
            "tags": null,
            "tenant_id": "8e4c05b5-ec49-45bb-afb1-6b993ddfef42",
            "timeouts": null,
            "vault_uri": "https://kvbenj09n.vault.azure.net/"
          },
          "sensitive_attributes": [],
          "private": "eyJlMmJmYjczMC1lY2FhLTExZTYtOGY4OC0zNDM2M2JjN2M0YzAiOnsiY3JlYXRlIjoxODAwMDAwMDAwMDAwLCJkZWxldGUiOjE4MDAwMDAwMDAwMDAsInJlYWQiOjMwMDAwMDAwMDAwMCwidXBkYXRlIjoxODAwMDAwMDAwMDAwfSwic2NoZW1hX3ZlcnNpb24iOiIyIn0=",
          "dependencies": [
            "azurerm_resource_group.tn-rg-backend",
            "data.azurerm_client_config.current",
            "random_string.random_string"
          ]
        }
      ]
    },
    {
      "mode": "managed",
      "type": "azurerm_key_vault_secret",
      "name": "tn_sa_backend_accesskey",
      "provider": "provider[\"registry.terraform.io/hashicorp/azurerm\"]",
      "instances": [
        {
          "schema_version": 0,
          "attributes": {
            "content_type": "",
            "expiration_date": null,
            "id": "https://kvbenj09n.vault.azure.net/secrets/sa-backend-accesskey/98de16152a9e429f9b4aa9e5256e257d",
            "key_vault_id": "/subscriptions/a686bba0-d6bf-491d-b5e4-bf385cf002db/resourceGroups/rg-backend-tn/providers/Microsoft.KeyVault/vaults/kvbenj09n",
            "name": "sa-backend-accesskey",
            "not_before_date": null,
            "resource_id": "/subscriptions/a686bba0-d6bf-491d-b5e4-bf385cf002db/resourceGroups/rg-backend-tn/providers/Microsoft.KeyVault/vaults/kvbenj09n/secrets/sa-backend-accesskey/versions/98de16152a9e429f9b4aa9e5256e257d",
            "resource_versionless_id": "/subscriptions/a686bba0-d6bf-491d-b5e4-bf385cf002db/resourceGroups/rg-backend-tn/providers/Microsoft.KeyVault/vaults/kvbenj09n/secrets/sa-backend-accesskey",
            "tags": null,
            "timeouts": null,
            "value": "tOj5GDBO8+bevMqLYad0JwMfsR5NHHtZek90rb+UvBDBy/19bUDbn/f5LRaDU/BE4EbOW0GG+DVp+AStkFaB0A==",
            "version": "98de16152a9e429f9b4aa9e5256e257d",
            "versionless_id": "https://kvbenj09n.vault.azure.net/secrets/sa-backend-accesskey"
          },
          "sensitive_attributes": [
            [
              {
                "type": "get_attr",
                "value": "value"
              }
            ]
          ],
          "private": "eyJlMmJmYjczMC1lY2FhLTExZTYtOGY4OC0zNDM2M2JjN2M0YzAiOnsiY3JlYXRlIjoxODAwMDAwMDAwMDAwLCJkZWxldGUiOjE4MDAwMDAwMDAwMDAsInJlYWQiOjE4MDAwMDAwMDAwMDAsInVwZGF0ZSI6MTgwMDAwMDAwMDAwMH19",
          "dependencies": [
            "azurerm_key_vault.tn_kv_backend",
            "azurerm_resource_group.tn-rg-backend",
            "azurerm_storage_account.tn_sa_backend",
            "data.azurerm_client_config.current",
            "random_string.random_string"
          ]
        }
      ]
    },
    {
      "mode": "managed",
      "type": "azurerm_resource_group",
      "name": "tn-rg-backend",
      "provider": "provider[\"registry.terraform.io/hashicorp/azurerm\"]",
      "instances": [
        {
          "schema_version": 0,
          "attributes": {
            "id": "/subscriptions/a686bba0-d6bf-491d-b5e4-bf385cf002db/resourceGroups/rg-backend-tn",
            "location": "norwayeast",
            "managed_by": "",
            "name": "rg-backend-tn",
            "tags": null,
            "timeouts": null
          },
          "sensitive_attributes": [],
          "private": "eyJlMmJmYjczMC1lY2FhLTExZTYtOGY4OC0zNDM2M2JjN2M0YzAiOnsiY3JlYXRlIjo1NDAwMDAwMDAwMDAwLCJkZWxldGUiOjU0MDAwMDAwMDAwMDAsInJlYWQiOjMwMDAwMDAwMDAwMCwidXBkYXRlIjo1NDAwMDAwMDAwMDAwfX0="
        }
      ]
    },
    {
      "mode": "managed",
      "type": "azurerm_storage_account",
      "name": "tn_sa_backend",
      "provider": "provider[\"registry.terraform.io/hashicorp/azurerm\"]",
      "instances": [
        {
          "schema_version": 4,
          "attributes": {
            "access_tier": "Hot",
            "account_kind": "StorageV2",
            "account_replication_type": "LRS",
            "account_tier": "Standard",
            "allow_nested_items_to_be_public": true,
            "allowed_copy_scope": "",
            "azure_files_authentication": [],
            "blob_properties": [
              {
                "change_feed_enabled": false,
                "change_feed_retention_in_days": 0,
                "container_delete_retention_policy": [],
                "cors_rule": [],
                "default_service_version": "",
                "delete_retention_policy": [],
                "last_access_time_enabled": false,
                "restore_policy": [],
                "versioning_enabled": false
              }
            ],
            "cross_tenant_replication_enabled": false,
            "custom_domain": [],
            "customer_managed_key": [],
            "default_to_oauth_authentication": false,
            "dns_endpoint_type": "Standard",
            "edge_zone": "",
            "https_traffic_only_enabled": true,
            "id": "/subscriptions/a686bba0-d6bf-491d-b5e4-bf385cf002db/resourceGroups/rg-backend-tn/providers/Microsoft.Storage/storageAccounts/sabetnnj09n",
            "identity": [],
            "immutability_policy": [],
            "infrastructure_encryption_enabled": false,
            "is_hns_enabled": false,
            "large_file_share_enabled": false,
            "local_user_enabled": true,
            "location": "norwayeast",
            "min_tls_version": "TLS1_2",
            "name": "sabetnnj09n",
            "network_rules": [],
            "nfsv3_enabled": false,
            "primary_access_key": "tOj5GDBO8+bevMqLYad0JwMfsR5NHHtZek90rb+UvBDBy/19bUDbn/f5LRaDU/BE4EbOW0GG+DVp+AStkFaB0A==",
            "primary_blob_connection_string": "DefaultEndpointsProtocol=https;BlobEndpoint=https://sabetnnj09n.blob.core.windows.net/;AccountName=sabetnnj09n;AccountKey=tOj5GDBO8+bevMqLYad0JwMfsR5NHHtZek90rb+UvBDBy/19bUDbn/f5LRaDU/BE4EbOW0GG+DVp+AStkFaB0A==",
            "primary_blob_endpoint": "https://sabetnnj09n.blob.core.windows.net/",
            "primary_blob_host": "sabetnnj09n.blob.core.windows.net",
            "primary_blob_internet_endpoint": "",
            "primary_blob_internet_host": "",
            "primary_blob_microsoft_endpoint": "",
            "primary_blob_microsoft_host": "",
            "primary_connection_string": "DefaultEndpointsProtocol=https;AccountName=sabetnnj09n;AccountKey=tOj5GDBO8+bevMqLYad0JwMfsR5NHHtZek90rb+UvBDBy/19bUDbn/f5LRaDU/BE4EbOW0GG+DVp+AStkFaB0A==;EndpointSuffix=core.windows.net",
            "primary_dfs_endpoint": "https://sabetnnj09n.dfs.core.windows.net/",
            "primary_dfs_host": "sabetnnj09n.dfs.core.windows.net",
            "primary_dfs_internet_endpoint": "",
            "primary_dfs_internet_host": "",
            "primary_dfs_microsoft_endpoint": "",
            "primary_dfs_microsoft_host": "",
            "primary_file_endpoint": "https://sabetnnj09n.file.core.windows.net/",
            "primary_file_host": "sabetnnj09n.file.core.windows.net",
            "primary_file_internet_endpoint": "",
            "primary_file_internet_host": "",
            "primary_file_microsoft_endpoint": "",
            "primary_file_microsoft_host": "",
            "primary_location": "norwayeast",
            "primary_queue_endpoint": "https://sabetnnj09n.queue.core.windows.net/",
            "primary_queue_host": "sabetnnj09n.queue.core.windows.net",
            "primary_queue_microsoft_endpoint": "",
            "primary_queue_microsoft_host": "",
            "primary_table_endpoint": "https://sabetnnj09n.table.core.windows.net/",
            "primary_table_host": "sabetnnj09n.table.core.windows.net",
            "primary_table_microsoft_endpoint": "",
            "primary_table_microsoft_host": "",
            "primary_web_endpoint": "https://sabetnnj09n.z1.web.core.windows.net/",
            "primary_web_host": "sabetnnj09n.z1.web.core.windows.net",
            "primary_web_internet_endpoint": "",
            "primary_web_internet_host": "",
            "primary_web_microsoft_endpoint": "",
            "primary_web_microsoft_host": "",
            "public_network_access_enabled": true,
            "queue_encryption_key_type": "Service",
            "queue_properties": [
              {
                "cors_rule": [],
                "hour_metrics": [
                  {
                    "enabled": true,
                    "include_apis": true,
                    "retention_policy_days": 7,
                    "version": "1.0"
                  }
                ],
                "logging": [
                  {
                    "delete": false,
                    "read": false,
                    "retention_policy_days": 0,
                    "version": "1.0",
                    "write": false
                  }
                ],
                "minute_metrics": [
                  {
                    "enabled": false,
                    "include_apis": false,
                    "retention_policy_days": 0,
                    "version": "1.0"
                  }
                ]
              }
            ],
            "resource_group_name": "rg-backend-tn",
            "routing": [],
            "sas_policy": [],
            "secondary_access_key": "T7d1wmeAb8eCTdWfnBmP3UrYWDFl0vVHvVNjh9kWcs8S3sHoGaiZRPYA3dUcTnb9PBG+rEy0YEPO+AStc712Eg==",
            "secondary_blob_connection_string": "",
            "secondary_blob_endpoint": "",
            "secondary_blob_host": "",
            "secondary_blob_internet_endpoint": "",
            "secondary_blob_internet_host": "",
            "secondary_blob_microsoft_endpoint": "",
            "secondary_blob_microsoft_host": "",
            "secondary_connection_string": "DefaultEndpointsProtocol=https;AccountName=sabetnnj09n;AccountKey=T7d1wmeAb8eCTdWfnBmP3UrYWDFl0vVHvVNjh9kWcs8S3sHoGaiZRPYA3dUcTnb9PBG+rEy0YEPO+AStc712Eg==;EndpointSuffix=core.windows.net",
            "secondary_dfs_endpoint": "",
            "secondary_dfs_host": "",
            "secondary_dfs_internet_endpoint": "",
            "secondary_dfs_internet_host": "",
            "secondary_dfs_microsoft_endpoint": "",
            "secondary_dfs_microsoft_host": "",
            "secondary_file_endpoint": "",
            "secondary_file_host": "",
            "secondary_file_internet_endpoint": "",
            "secondary_file_internet_host": "",
            "secondary_file_microsoft_endpoint": "",
            "secondary_file_microsoft_host": "",
            "secondary_location": "",
            "secondary_queue_endpoint": "",
            "secondary_queue_host": "",
            "secondary_queue_microsoft_endpoint": "",
            "secondary_queue_microsoft_host": "",
            "secondary_table_endpoint": "",
            "secondary_table_host": "",
            "secondary_table_microsoft_endpoint": "",
            "secondary_table_microsoft_host": "",
            "secondary_web_endpoint": "",
            "secondary_web_host": "",
            "secondary_web_internet_endpoint": "",
            "secondary_web_internet_host": "",
            "secondary_web_microsoft_endpoint": "",
            "secondary_web_microsoft_host": "",
            "sftp_enabled": false,
            "share_properties": [
              {
                "cors_rule": [],
                "retention_policy": [
                  {
                    "days": 7
                  }
                ],
                "smb": []
              }
            ],
            "shared_access_key_enabled": true,
            "static_website": [],
            "table_encryption_key_type": "Service",
            "tags": null,
            "timeouts": null
          },
          "sensitive_attributes": [
            [
              {
                "type": "get_attr",
                "value": "secondary_blob_connection_string"
              }
            ],
            [
              {
                "type": "get_attr",
                "value": "primary_blob_connection_string"
              }
            ],
            [
              {
                "type": "get_attr",
                "value": "primary_connection_string"
              }
            ],
            [
              {
                "type": "get_attr",
                "value": "secondary_connection_string"
              }
            ],
            [
              {
                "type": "get_attr",
                "value": "secondary_access_key"
              }
            ],
            [
              {
                "type": "get_attr",
                "value": "primary_access_key"
              }
            ]
          ],
          "private": "eyJlMmJmYjczMC1lY2FhLTExZTYtOGY4OC0zNDM2M2JjN2M0YzAiOnsiY3JlYXRlIjozNjAwMDAwMDAwMDAwLCJkZWxldGUiOjM2MDAwMDAwMDAwMDAsInJlYWQiOjMwMDAwMDAwMDAwMCwidXBkYXRlIjozNjAwMDAwMDAwMDAwfSwic2NoZW1hX3ZlcnNpb24iOiI0In0=",
          "dependencies": [
            "azurerm_resource_group.tn-rg-backend",
            "random_string.random_string"
          ]
        }
      ]
    },
    {
      "mode": "managed",
      "type": "azurerm_storage_container",
      "name": "name",
      "provider": "provider[\"registry.terraform.io/hashicorp/azurerm\"]",
      "instances": [
        {
          "schema_version": 1,
          "attributes": {
            "container_access_type": "private",
            "default_encryption_scope": "$account-encryption-key",
            "encryption_scope_override_enabled": true,
            "has_immutability_policy": false,
            "has_legal_hold": false,
            "id": "https://sabetnnj09n.blob.core.windows.net/sasctn",
            "metadata": {},
            "name": "sasctn",
            "resource_manager_id": "/subscriptions/a686bba0-d6bf-491d-b5e4-bf385cf002db/resourceGroups/rg-backend-tn/providers/Microsoft.Storage/storageAccounts/sabetnnj09n/blobServices/default/containers/sasctn",
            "storage_account_name": "sabetnnj09n",
            "timeouts": null
          },
          "sensitive_attributes": [],
          "private": "eyJlMmJmYjczMC1lY2FhLTExZTYtOGY4OC0zNDM2M2JjN2M0YzAiOnsiY3JlYXRlIjoxODAwMDAwMDAwMDAwLCJkZWxldGUiOjE4MDAwMDAwMDAwMDAsInJlYWQiOjMwMDAwMDAwMDAwMCwidXBkYXRlIjoxODAwMDAwMDAwMDAwfSwic2NoZW1hX3ZlcnNpb24iOiIxIn0=",
          "dependencies": [
            "azurerm_resource_group.tn-rg-backend",
            "azurerm_storage_account.tn_sa_backend",
            "random_string.random_string"
          ]
        }
      ]
    },
    {
      "mode": "managed",
      "type": "random_string",
      "name": "random_string",
      "provider": "provider[\"registry.terraform.io/hashicorp/random\"]",
      "instances": [
        {
          "schema_version": 2,
          "attributes": {
            "id": "nj09n",
            "keepers": null,
            "length": 5,
            "lower": true,
            "min_lower": 0,
            "min_numeric": 0,
            "min_special": 0,
            "min_upper": 0,
            "number": true,
            "numeric": true,
            "override_special": null,
            "result": "nj09n",
            "special": false,
            "upper": false
          },
          "sensitive_attributes": []
        }
      ]
    }
  ],
  "check_results": null
}
